
Microsoft Visual Studio Solution File, Format Version 12.00
# Visual Studio Version 17
VisualStudioVersion = 17.5.33530.505
MinimumVisualStudioVersion = 10.0.40219.1
Project("{FAE04EC0-301F-11D3-BF4B-00C04F79EFBC}") = "AsyncPrototype", "AsyncPrototype\AsyncPrototype.csproj", "{6EC286A4-C959-4875-9D35-F3561EE9BFBD}"
EndProject
Global
	GlobalSection(SolutionConfigurationPlatforms) = preSolution
		Debug|Any CPU = Debug|Any CPU
		Release|Any CPU = Release|Any CPU
	EndGlobalSection
	GlobalSection(ProjectConfigurationPlatforms) = postSolution
		{6EC286A4-C959-4875-9D35-F3561EE9BFBD}.Debug|Any CPU.ActiveCfg = Debug|Any CPU
		{6EC286A4-C959-4875-9D35-F3561EE9BFBD}.Debug|Any CPU.Build.0 = Debug|Any CPU
		{6EC286A4-C959-4875-9D35-F3561EE9BFBD}.Release|Any CPU.ActiveCfg = Release|Any CPU
		{6EC286A4-C959-4875-9D35-F3561EE9BFBD}.Release|Any CPU.Build.0 = Release|Any CPU
	EndGlobalSection
	GlobalSection(SolutionProperties) = preSolution
		HideSolutionNode = FALSE
	EndGlobalSection
	GlobalSection(ExtensibilityGlobals) = postSolution
		SolutionGuid = {0BF15213-4CBF-46B4-8709-A8D3D7B7AED4}
	EndGlobalSection
EndGlobal
